<?xml version="1.0" encoding="utf-8"?>
<Project ToolsVersion="4.0" xmlns="http://schemas.microsoft.com/developer/msbuild/2003">
  <ItemGroup>
    <Filter Include="File di origine">
      <UniqueIdentifier>{4FC737F1-C7A5-4376-A066-2A32D752A2FF}</UniqueIdentifier>
      <Extensions>cpp;c;cc;cxx;def;odl;idl;hpj;bat;asm;asmx</Extensions>
    </Filter>
    <Filter Include="File di intestazione">
      <UniqueIdentifier>{93995380-89BD-4b04-88EB-625FBE52EBFB}</UniqueIdentifier>
      <Extensions>h;hpp;hxx;hm;inl;inc;xsd</Extensions>
    </Filter>
    <Filter Include="File di risorse">
      <UniqueIdentifier>{67DA6AB6-F800-4c08-8B7A-83BB121AAD01}</UniqueIdentifier>
      <Extensions>rc;ico;cur;bmp;dlg;rc2;rct;bin;rgs;gif;jpg;jpeg;jpe;resx;tiff;tif;png;wav</Extensions>
    </Filter>
    <Filter Include="iMuve">
      <UniqueIdentifier>{fb3c0bb7-4b39-4deb-bf54-b887c5c18dc4}</UniqueIdentifier>
    </Filter>
    <Filter Include="iMuve\utility">
      <UniqueIdentifier>{d46024a0-db3b-45f6-a51b-6f02e62978ce}</UniqueIdentifier>
    </Filter>
    <Filter Include="iMuve\lib-dwg-master">
      <UniqueIdentifier>{49cce54b-a4f8-47bc-8c08-49956c78aeec}</UniqueIdentifier>
    </Filter>
    <Filter Include="iMuve\c-source">
      <UniqueIdentifier>{85055abc-bdc5-4abd-8d6b-195038fc94de}</UniqueIdentifier>
    </Filter>
  </ItemGroup>
  <ItemGroup>
    <ClCompile Include="jni2dll.c">
      <Filter>File di origine</Filter>
    </ClCompile>
    <ClCompile Include="..\app\src\main\jni\iMuveCPP.c">
      <Filter>iMuve</Filter>
    </ClCompile>
    <ClCompile Include="..\app\src\main\jni\utility\memory_allocator.c">
      <Filter>iMuve\utility</Filter>
    </ClCompile>
    <ClCompile Include="..\app\src\main\jni\utility\OpenGLWrapper.c">
      <Filter>iMuve\utility</Filter>
    </ClCompile>
    <ClCompile Include="..\app\src\main\jni\utility\triangulate.cpp">
      <Filter>iMuve\utility</Filter>
    </ClCompile>
    <ClCompile Include="..\app\src\main\jni\lib-dwg-master\bits.c">
      <Filter>iMuve\lib-dwg-master</Filter>
    </ClCompile>
    <ClCompile Include="..\app\src\main\jni\lib-dwg-master\common.c">
      <Filter>iMuve\lib-dwg-master</Filter>
    </ClCompile>
    <ClCompile Include="..\app\src\main\jni\lib-dwg-master\decode.c">
      <Filter>iMuve\lib-dwg-master</Filter>
    </ClCompile>
    <ClCompile Include="..\app\src\main\jni\lib-dwg-master\decode_r2007.c">
      <Filter>iMuve\lib-dwg-master</Filter>
    </ClCompile>
    <ClCompile Include="..\app\src\main\jni\lib-dwg-master\dwg.c">
      <Filter>iMuve\lib-dwg-master</Filter>
    </ClCompile>
    <ClCompile Include="..\app\src\main\jni\lib-dwg-master\encode.c">
      <Filter>iMuve\lib-dwg-master</Filter>
    </ClCompile>
    <ClCompile Include="..\app\src\main\jni\lib-dwg-master\logging.c">
      <Filter>iMuve\lib-dwg-master</Filter>
    </ClCompile>
    <ClCompile Include="..\app\src\main\jni\lib-dwg-master\print.c">
      <Filter>iMuve\lib-dwg-master</Filter>
    </ClCompile>
    <ClCompile Include="..\app\src\main\jni\c-sources\ColorTable.c">
      <Filter>iMuve\c-source</Filter>
    </ClCompile>
    <ClCompile Include="..\app\src\main\jni\c-sources\Draw.c">
      <Filter>iMuve\c-source</Filter>
    </ClCompile>
    <ClCompile Include="..\app\src\main\jni\c-sources\dwg_utility.c">
      <Filter>iMuve\c-source</Filter>
    </ClCompile>
  </ItemGroup>
  <ItemGroup>
    <ClInclude Include="jni-gl.h">
      <Filter>File di intestazione</Filter>
    </ClInclude>
    <ClInclude Include="stdafx.h">
      <Filter>File di intestazione</Filter>
    </ClInclude>
    <ClInclude Include="..\app\src\main\jni\iMuveCPP.h">
      <Filter>iMuve</Filter>
    </ClInclude>
    <ClInclude Include="..\app\src\main\jni\utility\memory_allocator.h">
      <Filter>iMuve\utility</Filter>
    </ClInclude>
    <ClInclude Include="..\app\src\main\jni\utility\openglwrapper.h">
      <Filter>iMuve\utility</Filter>
    </ClInclude>
    <ClInclude Include="..\app\src\main\jni\utility\triangulate.h">
      <Filter>iMuve\utility</Filter>
    </ClInclude>
    <ClInclude Include="..\app\src\main\jni\utility\WindowsToAndroid.h">
      <Filter>iMuve\utility</Filter>
    </ClInclude>
    <ClInclude Include="..\app\src\main\jni\lib-dwg-master\bits.h">
      <Filter>iMuve\lib-dwg-master</Filter>
    </ClInclude>
    <ClInclude Include="..\app\src\main\jni\lib-dwg-master\common.h">
      <Filter>iMuve\lib-dwg-master</Filter>
    </ClInclude>
    <ClInclude Include="..\app\src\main\jni\lib-dwg-master\decode.h">
      <Filter>iMuve\lib-dwg-master</Filter>
    </ClInclude>
    <ClInclude Include="..\app\src\main\jni\lib-dwg-master\dwg.h">
      <Filter>iMuve\lib-dwg-master</Filter>
    </ClInclude>
    <ClInclude Include="..\app\src\main\jni\lib-dwg-master\encode.h">
      <Filter>iMuve\lib-dwg-master</Filter>
    </ClInclude>
    <ClInclude Include="..\app\src\main\jni\lib-dwg-master\logging.h">
      <Filter>iMuve\lib-dwg-master</Filter>
    </ClInclude>
    <ClInclude Include="..\app\src\main\jni\lib-dwg-master\print.h">
      <Filter>iMuve\lib-dwg-master</Filter>
    </ClInclude>
    <ClInclude Include="..\app\src\main\jni\c-sources\Draw.h">
      <Filter>iMuve\c-source</Filter>
    </ClInclude>
  </ItemGroup>
  <ItemGroup>
    <Text Include="ReadMe.txt" />
  </ItemGroup>
</Project>